
Microsoft Visual Studio Solution File, Format Version 12.00
# Visual Studio Version 17
VisualStudioVersion = 17.9.34622.214
MinimumVisualStudioVersion = 10.0.40219.1
Project("{FAE04EC0-301F-11D3-BF4B-00C04F79EFBC}") = "excercise-2", "excercise-2\excercise-2.csproj", "{6125A132-7A01-4AC5-922F-B317F6137087}"
EndProject
Project("{FAE04EC0-301F-11D3-BF4B-00C04F79EFBC}") = "TCPServer", "TCPServer\TCPServer.csproj", "{64B625C3-B467-4C36-A45A-805A1A419B7B}"
EndProject
Global
	GlobalSection(SolutionConfigurationPlatforms) = preSolution
		Debug|Any CPU = Debug|Any CPU
		Release|Any CPU = Release|Any CPU
	EndGlobalSection
	GlobalSection(ProjectConfigurationPlatforms) = postSolution
		{6125A132-7A01-4AC5-922F-B317F6137087}.Debug|Any CPU.ActiveCfg = Debug|Any CPU
		{6125A132-7A01-4AC5-922F-B317F6137087}.Debug|Any CPU.Build.0 = Debug|Any CPU
		{6125A132-7A01-4AC5-922F-B317F6137087}.Release|Any CPU.ActiveCfg = Release|Any CPU
		{6125A132-7A01-4AC5-922F-B317F6137087}.Release|Any CPU.Build.0 = Release|Any CPU
		{64B625C3-B467-4C36-A45A-805A1A419B7B}.Debug|Any CPU.ActiveCfg = Debug|Any CPU
		{64B625C3-B467-4C36-A45A-805A1A419B7B}.Debug|Any CPU.Build.0 = Debug|Any CPU
		{64B625C3-B467-4C36-A45A-805A1A419B7B}.Release|Any CPU.ActiveCfg = Release|Any CPU
		{64B625C3-B467-4C36-A45A-805A1A419B7B}.Release|Any CPU.Build.0 = Release|Any CPU
	EndGlobalSection
	GlobalSection(SolutionProperties) = preSolution
		HideSolutionNode = FALSE
	EndGlobalSection
	GlobalSection(ExtensibilityGlobals) = postSolution
		SolutionGuid = {CBBC3C25-4F7A-4403-BB15-1E9C69F1ADEF}
	EndGlobalSection
EndGlobal
